
Microsoft Visual Studio Solution File, Format Version 12.00
# Visual Studio 15
VisualStudioVersion = 15.0.27130.2024
MinimumVisualStudioVersion = 10.0.40219.1
Project("{FAE04EC0-301F-11D3-BF4B-00C04F79EFBC}") = "FIT5032_ozzFIT_V2", "FIT5032_ozzFIT_V2\FIT5032_ozzFIT_V2.csproj", "{C97F04FA-09DF-44C5-81B3-D6EE01EC3815}"
EndProject
Project("{FAE04EC0-301F-11D3-BF4B-00C04F79EFBC}") = "FIT5032_ozzFIT_V2.Tests", "FIT5032_ozzFIT_V2.Tests\FIT5032_ozzFIT_V2.Tests.csproj", "{ECAEC3D4-B8E9-412A-9D55-DC15C1FFAE85}"
EndProject
Global
	GlobalSection(SolutionConfigurationPlatforms) = preSolution
		Debug|Any CPU = Debug|Any CPU
		Release|Any CPU = Release|Any CPU
	EndGlobalSection
	GlobalSection(ProjectConfigurationPlatforms) = postSolution
		{C97F04FA-09DF-44C5-81B3-D6EE01EC3815}.Debug|Any CPU.ActiveCfg = Debug|Any CPU
		{C97F04FA-09DF-44C5-81B3-D6EE01EC3815}.Debug|Any CPU.Build.0 = Debug|Any CPU
		{C97F04FA-09DF-44C5-81B3-D6EE01EC3815}.Release|Any CPU.ActiveCfg = Release|Any CPU
		{C97F04FA-09DF-44C5-81B3-D6EE01EC3815}.Release|Any CPU.Build.0 = Release|Any CPU
		{ECAEC3D4-B8E9-412A-9D55-DC15C1FFAE85}.Debug|Any CPU.ActiveCfg = Debug|Any CPU
		{ECAEC3D4-B8E9-412A-9D55-DC15C1FFAE85}.Debug|Any CPU.Build.0 = Debug|Any CPU
		{ECAEC3D4-B8E9-412A-9D55-DC15C1FFAE85}.Release|Any CPU.ActiveCfg = Release|Any CPU
		{ECAEC3D4-B8E9-412A-9D55-DC15C1FFAE85}.Release|Any CPU.Build.0 = Release|Any CPU
	EndGlobalSection
	GlobalSection(SolutionProperties) = preSolution
		HideSolutionNode = FALSE
	EndGlobalSection
	GlobalSection(ExtensibilityGlobals) = postSolution
		SolutionGuid = {78B56554-0B46-4E57-A9BC-0CC1F3A44B34}
	EndGlobalSection
EndGlobal
